
Microsoft Visual Studio Solution File, Format Version 12.00
# Visual Studio Version 16
VisualStudioVersion = 16.0.28803.156
MinimumVisualStudioVersion = 10.0.40219.1
Project("{FAE04EC0-301F-11D3-BF4B-00C04F79EFBC}") = "OPC.DA1.CLIENT", "OPC.DA1.CLIENT\OPC.DA1.CLIENT.csproj", "{5100B11E-F539-4A13-90DD-CC43B34F5F52}"
EndProject
Global
	GlobalSection(SolutionConfigurationPlatforms) = preSolution
		Debug|Any CPU = Debug|Any CPU
		Release|Any CPU = Release|Any CPU
	EndGlobalSection
	GlobalSection(ProjectConfigurationPlatforms) = postSolution
		{5100B11E-F539-4A13-90DD-CC43B34F5F52}.Debug|Any CPU.ActiveCfg = Debug|Any CPU
		{5100B11E-F539-4A13-90DD-CC43B34F5F52}.Debug|Any CPU.Build.0 = Debug|Any CPU
		{5100B11E-F539-4A13-90DD-CC43B34F5F52}.Release|Any CPU.ActiveCfg = Release|Any CPU
		{5100B11E-F539-4A13-90DD-CC43B34F5F52}.Release|Any CPU.Build.0 = Release|Any CPU
	EndGlobalSection
	GlobalSection(SolutionProperties) = preSolution
		HideSolutionNode = FALSE
	EndGlobalSection
	GlobalSection(ExtensibilityGlobals) = postSolution
		SolutionGuid = {20AAB36B-5FCE-4EED-9DE6-A51BEC6773F9}
	EndGlobalSection
EndGlobal
